
Microsoft Visual Studio Solution File, Format Version 12.00
# Visual Studio Version 17
VisualStudioVersion = 17.6.33723.286
MinimumVisualStudioVersion = 10.0.40219.1
Project("{FAE04EC0-301F-11D3-BF4B-00C04F79EFBC}") = "IntuitivePaper.MVC", "IntuitivePaper.MVC\IntuitivePaper.MVC.csproj", "{3856D67A-A09C-4604-A7DF-972AB6471C19}"
EndProject
Project("{FAE04EC0-301F-11D3-BF4B-00C04F79EFBC}") = "IntuitivePaper.Domain", "IntuitivePaper.Domain\IntuitivePaper.Domain.csproj", "{71A13143-ABE0-4AB2-BEDA-F60B570CD9A9}"
EndProject
Project("{FAE04EC0-301F-11D3-BF4B-00C04F79EFBC}") = "IntuitivePaper.Application", "IntuitivePaper.Application\IntuitivePaper.Application.csproj", "{56D9C6F7-AE0B-497A-ADB4-67B5B484ECA7}"
EndProject
Project("{FAE04EC0-301F-11D3-BF4B-00C04F79EFBC}") = "IntuitivePaper.Infrastructure", "IntuitivePaper.Infrastructure\IntuitivePaper.Infrastructure.csproj", "{37C8716E-7F77-4438-B7F2-4AD76E0F71EE}"
EndProject
Global
	GlobalSection(SolutionConfigurationPlatforms) = preSolution
		Debug|Any CPU = Debug|Any CPU
		Release|Any CPU = Release|Any CPU
	EndGlobalSection
	GlobalSection(ProjectConfigurationPlatforms) = postSolution
		{3856D67A-A09C-4604-A7DF-972AB6471C19}.Debug|Any CPU.ActiveCfg = Debug|Any CPU
		{3856D67A-A09C-4604-A7DF-972AB6471C19}.Debug|Any CPU.Build.0 = Debug|Any CPU
		{3856D67A-A09C-4604-A7DF-972AB6471C19}.Release|Any CPU.ActiveCfg = Release|Any CPU
		{3856D67A-A09C-4604-A7DF-972AB6471C19}.Release|Any CPU.Build.0 = Release|Any CPU
		{71A13143-ABE0-4AB2-BEDA-F60B570CD9A9}.Debug|Any CPU.ActiveCfg = Debug|Any CPU
		{71A13143-ABE0-4AB2-BEDA-F60B570CD9A9}.Debug|Any CPU.Build.0 = Debug|Any CPU
		{71A13143-ABE0-4AB2-BEDA-F60B570CD9A9}.Release|Any CPU.ActiveCfg = Release|Any CPU
		{71A13143-ABE0-4AB2-BEDA-F60B570CD9A9}.Release|Any CPU.Build.0 = Release|Any CPU
		{56D9C6F7-AE0B-497A-ADB4-67B5B484ECA7}.Debug|Any CPU.ActiveCfg = Debug|Any CPU
		{56D9C6F7-AE0B-497A-ADB4-67B5B484ECA7}.Debug|Any CPU.Build.0 = Debug|Any CPU
		{56D9C6F7-AE0B-497A-ADB4-67B5B484ECA7}.Release|Any CPU.ActiveCfg = Release|Any CPU
		{56D9C6F7-AE0B-497A-ADB4-67B5B484ECA7}.Release|Any CPU.Build.0 = Release|Any CPU
		{37C8716E-7F77-4438-B7F2-4AD76E0F71EE}.Debug|Any CPU.ActiveCfg = Debug|Any CPU
		{37C8716E-7F77-4438-B7F2-4AD76E0F71EE}.Debug|Any CPU.Build.0 = Debug|Any CPU
		{37C8716E-7F77-4438-B7F2-4AD76E0F71EE}.Release|Any CPU.ActiveCfg = Release|Any CPU
		{37C8716E-7F77-4438-B7F2-4AD76E0F71EE}.Release|Any CPU.Build.0 = Release|Any CPU
	EndGlobalSection
	GlobalSection(SolutionProperties) = preSolution
		HideSolutionNode = FALSE
	EndGlobalSection
	GlobalSection(ExtensibilityGlobals) = postSolution
		SolutionGuid = {56CE334E-D7A2-422D-8A25-7DDA17F71B6F}
	EndGlobalSection
EndGlobal
